// !$*UTF8*$!
{
	archiveVersion = 1;
	classes = {
	};
	objectVersion = 46;
	objects = {

/* Begin PBXBuildFile section */
		1D60589F0D05DD5A006BFB54 /* Foundation.framework in Frameworks */ = {isa = PBXBuildFile; fileRef = 1D30AB110D05D00D00671497 /* Foundation.framework */; };
		1DF5F4E00D08C38300B7A737 /* UIKit.framework in Frameworks */ = {isa = PBXBuildFile; fileRef = 1DF5F4DF0D08C38300B7A737 /* UIKit.framework */; };
		288765FD0DF74451002DB57D /* CoreGraphics.framework in Frameworks */ = {isa = PBXBuildFile; fileRef = 288765FC0DF74451002DB57D /* CoreGraphics.framework */; };
		5326AEA810A23A0500278DE6 /* CoreLocation.framework in Frameworks */ = {isa = PBXBuildFile; fileRef = 5326AEA710A23A0500278DE6 /* CoreLocation.framework */; };
		53F323EB10A20EDB00E0DAE4 /* OpenAL.framework in Frameworks */ = {isa = PBXBuildFile; fileRef = 53F323EA10A20EDB00E0DAE4 /* OpenAL.framework */; };
		6705473E1B077871006E1EB8 /* ofxVuforiaSession.mm in Sources */ = {isa = PBXBuildFile; fileRef = 6705473D1B077871006E1EB8 /* ofxVuforiaSession.mm */; };
		670547451B0780D1006E1EB8 /* CoreMotion.framework in Frameworks */ = {isa = PBXBuildFile; fileRef = 670547431B0780B9006E1EB8 /* CoreMotion.framework */; };
		670547461B0780D1006E1EB8 /* SystemConfiguration.framework in Frameworks */ = {isa = PBXBuildFile; fileRef = 670547411B0780AF006E1EB8 /* SystemConfiguration.framework */; };
		670547471B0780D1006E1EB8 /* Security.framework in Frameworks */ = {isa = PBXBuildFile; fileRef = 6705473F1B0780A2006E1EB8 /* Security.framework */; };
		6748E0C71B06E64200CEE749 /* MyAppDelegate.mm in Sources */ = {isa = PBXBuildFile; fileRef = 6748E0C31B06E64200CEE749 /* MyAppDelegate.mm */; };
		6748E0C81B06E64200CEE749 /* MyAppViewController.mm in Sources */ = {isa = PBXBuildFile; fileRef = 6748E0C51B06E64200CEE749 /* MyAppViewController.mm */; };
		6748E0C91B06E64200CEE749 /* MyAppViewController.xib in Resources */ = {isa = PBXBuildFile; fileRef = 6748E0C61B06E64200CEE749 /* MyAppViewController.xib */; };
		67AA18D71B06E6B000224975 /* libVuforia.a in Frameworks */ = {isa = PBXBuildFile; fileRef = 67AA18CC1B06E6B000224975 /* libVuforia.a */; };
		67AA18D81B06E6B000224975 /* ofxQCAR.mm in Sources */ = {isa = PBXBuildFile; fileRef = 67AA18CF1B06E6B000224975 /* ofxQCAR.mm */; };
		67AA18D91B06E6B000224975 /* ofxQCAR_EAGLView.mm in Sources */ = {isa = PBXBuildFile; fileRef = 67AA18D21B06E6B000224975 /* ofxQCAR_EAGLView.mm */; };
		67AA18DB1B06E6B000224975 /* ofxQCAR_ViewController.mm in Sources */ = {isa = PBXBuildFile; fileRef = 67AA18D61B06E6B000224975 /* ofxQCAR_ViewController.mm */; };
		67D3CC531B08B8F600897F9F /* qcar_assets in Resources */ = {isa = PBXBuildFile; fileRef = 67D3CC521B08B8F600897F9F /* qcar_assets */; };
		67DFA53619F92A69003B3434 /* Accelerate.framework in Frameworks */ = {isa = PBXBuildFile; fileRef = 67DFA53419F92A5E003B3434 /* Accelerate.framework */; };
		BB16EBD20F2B2A9500518274 /* OpenGLES.framework in Frameworks */ = {isa = PBXBuildFile; fileRef = BB16EBD10F2B2A9500518274 /* OpenGLES.framework */; };
		BB16EBD90F2B2AB500518274 /* QuartzCore.framework in Frameworks */ = {isa = PBXBuildFile; fileRef = BB16EBD80F2B2AB500518274 /* QuartzCore.framework */; };
		BBE5EAB80F49AD8400F28951 /* AudioToolbox.framework in Frameworks */ = {isa = PBXBuildFile; fileRef = BBE5EAB70F49AD8400F28951 /* AudioToolbox.framework */; };
		E41D400B13B39D2100A75A5D /* AVFoundation.framework in Frameworks */ = {isa = PBXBuildFile; fileRef = E41D400613B39D2100A75A5D /* AVFoundation.framework */; };
		E41D400C13B39D2100A75A5D /* CoreMedia.framework in Frameworks */ = {isa = PBXBuildFile; fileRef = E41D400713B39D2100A75A5D /* CoreMedia.framework */; };
		E41D400D13B39D2100A75A5D /* CoreVideo.framework in Frameworks */ = {isa = PBXBuildFile; fileRef = E41D400813B39D2100A75A5D /* CoreVideo.framework */; };
		E41D400E13B39D2100A75A5D /* MapKit.framework in Frameworks */ = {isa = PBXBuildFile; fileRef = E41D400913B39D2100A75A5D /* MapKit.framework */; };
		E41D421413B3A95300A75A5D /* libofxiOS_iphoneos_Debug.a in Frameworks */ = {isa = PBXBuildFile; fileRef = E41D410213B3A0D800A75A5D /* libofxiOS_iphoneos_Debug.a */; };
		E4D8936E11527B74007E1F53 /* main.mm in Sources */ = {isa = PBXBuildFile; fileRef = E4D8936B11527B74007E1F53 /* main.mm */; };
		E4D8936F11527B74007E1F53 /* ofApp.mm in Sources */ = {isa = PBXBuildFile; fileRef = E4D8936D11527B74007E1F53 /* ofApp.mm */; };
/* End PBXBuildFile section */

/* Begin PBXContainerItemProxy section */
		E41D410113B3A0D800A75A5D /* PBXContainerItemProxy */ = {
			isa = PBXContainerItemProxy;
			containerPortal = E41D40FD13B3A0D800A75A5D /* iOS+OFLib.xcodeproj */;
			proxyType = 2;
			remoteGlobalIDString = BB24DED610DA7A3F00E9C588;
			remoteInfo = "iPhone+OF Static Library";
		};
		E41D410313B3A11300A75A5D /* PBXContainerItemProxy */ = {
			isa = PBXContainerItemProxy;
			containerPortal = E41D40FD13B3A0D800A75A5D /* iOS+OFLib.xcodeproj */;
			proxyType = 1;
			remoteGlobalIDString = BB24DE5C10DA7A3F00E9C588;
			remoteInfo = "iPhone+OF Static Library";
		};
/* End PBXContainerItemProxy section */

/* Begin PBXFileReference section */
		1D30AB110D05D00D00671497 /* Foundation.framework */ = {isa = PBXFileReference; lastKnownFileType = wrapper.framework; name = Foundation.framework; path = System/Library/Frameworks/Foundation.framework; sourceTree = SDKROOT; };
		1D6058910D05DD3D006BFB54 /* ofxQCAR.app */ = {isa = PBXFileReference; explicitFileType = wrapper.application; includeInIndex = 0; path = ofxQCAR.app; sourceTree = BUILT_PRODUCTS_DIR; };
		1DF5F4DF0D08C38300B7A737 /* UIKit.framework */ = {isa = PBXFileReference; lastKnownFileType = wrapper.framework; name = UIKit.framework; path = System/Library/Frameworks/UIKit.framework; sourceTree = SDKROOT; };
		288765FC0DF74451002DB57D /* CoreGraphics.framework */ = {isa = PBXFileReference; lastKnownFileType = wrapper.framework; name = CoreGraphics.framework; path = System/Library/Frameworks/CoreGraphics.framework; sourceTree = SDKROOT; };
		32CA4F630368D1EE00C91783 /* ofxQCAR-Prefix.pch */ = {isa = PBXFileReference; fileEncoding = 4; lastKnownFileType = sourcecode.c.h; path = "ofxQCAR-Prefix.pch"; sourceTree = "<group>"; };
		5326AEA710A23A0500278DE6 /* CoreLocation.framework */ = {isa = PBXFileReference; lastKnownFileType = wrapper.framework; name = CoreLocation.framework; path = System/Library/Frameworks/CoreLocation.framework; sourceTree = SDKROOT; };
		53F323EA10A20EDB00E0DAE4 /* OpenAL.framework */ = {isa = PBXFileReference; lastKnownFileType = wrapper.framework; name = OpenAL.framework; path = System/Library/Frameworks/OpenAL.framework; sourceTree = SDKROOT; };
		6705473C1B077871006E1EB8 /* ofxVuforiaSession.h */ = {isa = PBXFileReference; fileEncoding = 4; lastKnownFileType = sourcecode.c.h; path = ofxVuforiaSession.h; sourceTree = "<group>"; };
		6705473D1B077871006E1EB8 /* ofxVuforiaSession.mm */ = {isa = PBXFileReference; fileEncoding = 4; lastKnownFileType = sourcecode.cpp.objcpp; path = ofxVuforiaSession.mm; sourceTree = "<group>"; };
		6705473F1B0780A2006E1EB8 /* Security.framework */ = {isa = PBXFileReference; lastKnownFileType = wrapper.framework; name = Security.framework; path = System/Library/Frameworks/Security.framework; sourceTree = SDKROOT; };
		670547411B0780AF006E1EB8 /* SystemConfiguration.framework */ = {isa = PBXFileReference; lastKnownFileType = wrapper.framework; name = SystemConfiguration.framework; path = System/Library/Frameworks/SystemConfiguration.framework; sourceTree = SDKROOT; };
		670547431B0780B9006E1EB8 /* CoreMotion.framework */ = {isa = PBXFileReference; lastKnownFileType = wrapper.framework; name = CoreMotion.framework; path = System/Library/Frameworks/CoreMotion.framework; sourceTree = SDKROOT; };
		6748E0C01B06E64200CEE749 /* Teapot.h */ = {isa = PBXFileReference; fileEncoding = 4; lastKnownFileType = sourcecode.c.h; path = Teapot.h; sourceTree = "<group>"; };
		6748E0C21B06E64200CEE749 /* MyAppDelegate.h */ = {isa = PBXFileReference; fileEncoding = 4; lastKnownFileType = sourcecode.c.h; path = MyAppDelegate.h; sourceTree = "<group>"; };
		6748E0C31B06E64200CEE749 /* MyAppDelegate.mm */ = {isa = PBXFileReference; fileEncoding = 4; lastKnownFileType = sourcecode.cpp.objcpp; path = MyAppDelegate.mm; sourceTree = "<group>"; };
		6748E0C41B06E64200CEE749 /* MyAppViewController.h */ = {isa = PBXFileReference; fileEncoding = 4; lastKnownFileType = sourcecode.c.h; path = MyAppViewController.h; sourceTree = "<group>"; };
		6748E0C51B06E64200CEE749 /* MyAppViewController.mm */ = {isa = PBXFileReference; fileEncoding = 4; lastKnownFileType = sourcecode.cpp.objcpp; path = MyAppViewController.mm; sourceTree = "<group>"; };
		6748E0C61B06E64200CEE749 /* MyAppViewController.xib */ = {isa = PBXFileReference; fileEncoding = 4; lastKnownFileType = file.xib; path = MyAppViewController.xib; sourceTree = "<group>"; };
		67AA188D1B06E6AF00224975 /* Area.h */ = {isa = PBXFileReference; fileEncoding = 4; lastKnownFileType = sourcecode.c.h; path = Area.h; sourceTree = "<group>"; };
		67AA188E1B06E6AF00224975 /* Box3D.h */ = {isa = PBXFileReference; fileEncoding = 4; lastKnownFileType = sourcecode.c.h; path = Box3D.h; sourceTree = "<group>"; };
		67AA188F1B06E6AF00224975 /* CameraCalibration.h */ = {isa = PBXFileReference; fileEncoding = 4; lastKnownFileType = sourcecode.c.h; path = CameraCalibration.h; sourceTree = "<group>"; };
		67AA18901B06E6AF00224975 /* CameraDevice.h */ = {isa = PBXFileReference; fileEncoding = 4; lastKnownFileType = sourcecode.c.h; path = CameraDevice.h; sourceTree = "<group>"; };
		67AA18911B06E6AF00224975 /* CylinderTarget.h */ = {isa = PBXFileReference; fileEncoding = 4; lastKnownFileType = sourcecode.c.h; path = CylinderTarget.h; sourceTree = "<group>"; };
		67AA18921B06E6AF00224975 /* CylinderTargetResult.h */ = {isa = PBXFileReference; fileEncoding = 4; lastKnownFileType = sourcecode.c.h; path = CylinderTargetResult.h; sourceTree = "<group>"; };
		67AA18931B06E6AF00224975 /* DataSet.h */ = {isa = PBXFileReference; fileEncoding = 4; lastKnownFileType = sourcecode.c.h; path = DataSet.h; sourceTree = "<group>"; };
		67AA18941B06E6AF00224975 /* Frame.h */ = {isa = PBXFileReference; fileEncoding = 4; lastKnownFileType = sourcecode.c.h; path = Frame.h; sourceTree = "<group>"; };
		67AA18951B06E6AF00224975 /* Image.h */ = {isa = PBXFileReference; fileEncoding = 4; lastKnownFileType = sourcecode.c.h; path = Image.h; sourceTree = "<group>"; };
		67AA18961B06E6AF00224975 /* ImageTarget.h */ = {isa = PBXFileReference; fileEncoding = 4; lastKnownFileType = sourcecode.c.h; path = ImageTarget.h; sourceTree = "<group>"; };
		67AA18971B06E6AF00224975 /* ImageTargetBuilder.h */ = {isa = PBXFileReference; fileEncoding = 4; lastKnownFileType = sourcecode.c.h; path = ImageTargetBuilder.h; sourceTree = "<group>"; };
		67AA18981B06E6AF00224975 /* ImageTargetResult.h */ = {isa = PBXFileReference; fileEncoding = 4; lastKnownFileType = sourcecode.c.h; path = ImageTargetResult.h; sourceTree = "<group>"; };
		67AA18991B06E6AF00224975 /* Marker.h */ = {isa = PBXFileReference; fileEncoding = 4; lastKnownFileType = sourcecode.c.h; path = Marker.h; sourceTree = "<group>"; };
		67AA189A1B06E6AF00224975 /* MarkerResult.h */ = {isa = PBXFileReference; fileEncoding = 4; lastKnownFileType = sourcecode.c.h; path = MarkerResult.h; sourceTree = "<group>"; };
		67AA189B1B06E6AF00224975 /* MarkerTracker.h */ = {isa = PBXFileReference; fileEncoding = 4; lastKnownFileType = sourcecode.c.h; path = MarkerTracker.h; sourceTree = "<group>"; };
		67AA189C1B06E6AF00224975 /* Matrices.h */ = {isa = PBXFileReference; fileEncoding = 4; lastKnownFileType = sourcecode.c.h; path = Matrices.h; sourceTree = "<group>"; };
		67AA189D1B06E6AF00224975 /* Mesh.h */ = {isa = PBXFileReference; fileEncoding = 4; lastKnownFileType = sourcecode.c.h; path = Mesh.h; sourceTree = "<group>"; };
		67AA189E1B06E6AF00224975 /* MultiTarget.h */ = {isa = PBXFileReference; fileEncoding = 4; lastKnownFileType = sourcecode.c.h; path = MultiTarget.h; sourceTree = "<group>"; };
		67AA189F1B06E6AF00224975 /* MultiTargetResult.h */ = {isa = PBXFileReference; fileEncoding = 4; lastKnownFileType = sourcecode.c.h; path = MultiTargetResult.h; sourceTree = "<group>"; };
		67AA18A01B06E6AF00224975 /* NonCopyable.h */ = {isa = PBXFileReference; fileEncoding = 4; lastKnownFileType = sourcecode.c.h; path = NonCopyable.h; sourceTree = "<group>"; };
		67AA18A11B06E6AF00224975 /* Obb2D.h */ = {isa = PBXFileReference; fileEncoding = 4; lastKnownFileType = sourcecode.c.h; path = Obb2D.h; sourceTree = "<group>"; };
		67AA18A21B06E6AF00224975 /* Obb3D.h */ = {isa = PBXFileReference; fileEncoding = 4; lastKnownFileType = sourcecode.c.h; path = Obb3D.h; sourceTree = "<group>"; };
		67AA18A31B06E6AF00224975 /* ObjectTarget.h */ = {isa = PBXFileReference; fileEncoding = 4; lastKnownFileType = sourcecode.c.h; path = ObjectTarget.h; sourceTree = "<group>"; };
		67AA18A41B06E6AF00224975 /* ObjectTargetResult.h */ = {isa = PBXFileReference; fileEncoding = 4; lastKnownFileType = sourcecode.c.h; path = ObjectTargetResult.h; sourceTree = "<group>"; };
		67AA18A51B06E6AF00224975 /* ObjectTracker.h */ = {isa = PBXFileReference; fileEncoding = 4; lastKnownFileType = sourcecode.c.h; path = ObjectTracker.h; sourceTree = "<group>"; };
		67AA18A61B06E6AF00224975 /* Prop.h */ = {isa = PBXFileReference; fileEncoding = 4; lastKnownFileType = sourcecode.c.h; path = Prop.h; sourceTree = "<group>"; };
		67AA18A71B06E6AF00224975 /* PropResult.h */ = {isa = PBXFileReference; fileEncoding = 4; lastKnownFileType = sourcecode.c.h; path = PropResult.h; sourceTree = "<group>"; };
		67AA18A81B06E6AF00224975 /* QCAR.h */ = {isa = PBXFileReference; fileEncoding = 4; lastKnownFileType = sourcecode.c.h; path = QCAR.h; sourceTree = "<group>"; };
		67AA18A91B06E6AF00224975 /* QCAR_iOS.h */ = {isa = PBXFileReference; fileEncoding = 4; lastKnownFileType = sourcecode.c.h; path = QCAR_iOS.h; sourceTree = "<group>"; };
		67AA18AA1B06E6AF00224975 /* Reconstruction.h */ = {isa = PBXFileReference; fileEncoding = 4; lastKnownFileType = sourcecode.c.h; path = Reconstruction.h; sourceTree = "<group>"; };
		67AA18AB1B06E6AF00224975 /* ReconstructionFromTarget.h */ = {isa = PBXFileReference; fileEncoding = 4; lastKnownFileType = sourcecode.c.h; path = ReconstructionFromTarget.h; sourceTree = "<group>"; };
		67AA18AC1B06E6AF00224975 /* Rectangle.h */ = {isa = PBXFileReference; fileEncoding = 4; lastKnownFileType = sourcecode.c.h; path = Rectangle.h; sourceTree = "<group>"; };
		67AA18AD1B06E6AF00224975 /* Renderer.h */ = {isa = PBXFileReference; fileEncoding = 4; lastKnownFileType = sourcecode.c.h; path = Renderer.h; sourceTree = "<group>"; };
		67AA18AE1B06E6AF00224975 /* SmartTerrainBuilder.h */ = {isa = PBXFileReference; fileEncoding = 4; lastKnownFileType = sourcecode.c.h; path = SmartTerrainBuilder.h; sourceTree = "<group>"; };
		67AA18AF1B06E6AF00224975 /* SmartTerrainTrackable.h */ = {isa = PBXFileReference; fileEncoding = 4; lastKnownFileType = sourcecode.c.h; path = SmartTerrainTrackable.h; sourceTree = "<group>"; };
		67AA18B01B06E6AF00224975 /* SmartTerrainTracker.h */ = {isa = PBXFileReference; fileEncoding = 4; lastKnownFileType = sourcecode.c.h; path = SmartTerrainTracker.h; sourceTree = "<group>"; };
		67AA18B11B06E6AF00224975 /* State.h */ = {isa = PBXFileReference; fileEncoding = 4; lastKnownFileType = sourcecode.c.h; path = State.h; sourceTree = "<group>"; };
		67AA18B21B06E6AF00224975 /* Surface.h */ = {isa = PBXFileReference; fileEncoding = 4; lastKnownFileType = sourcecode.c.h; path = Surface.h; sourceTree = "<group>"; };
		67AA18B31B06E6AF00224975 /* SurfaceResult.h */ = {isa = PBXFileReference; fileEncoding = 4; lastKnownFileType = sourcecode.c.h; path = SurfaceResult.h; sourceTree = "<group>"; };
		67AA18B41B06E6AF00224975 /* System.h */ = {isa = PBXFileReference; fileEncoding = 4; lastKnownFileType = sourcecode.c.h; path = System.h; sourceTree = "<group>"; };
		67AA18B51B06E6AF00224975 /* TargetFinder.h */ = {isa = PBXFileReference; fileEncoding = 4; lastKnownFileType = sourcecode.c.h; path = TargetFinder.h; sourceTree = "<group>"; };
		67AA18B61B06E6B000224975 /* TargetSearchResult.h */ = {isa = PBXFileReference; fileEncoding = 4; lastKnownFileType = sourcecode.c.h; path = TargetSearchResult.h; sourceTree = "<group>"; };
		67AA18B71B06E6B000224975 /* TextTracker.h */ = {isa = PBXFileReference; fileEncoding = 4; lastKnownFileType = sourcecode.c.h; path = TextTracker.h; sourceTree = "<group>"; };
		67AA18B81B06E6B000224975 /* Tool.h */ = {isa = PBXFileReference; fileEncoding = 4; lastKnownFileType = sourcecode.c.h; path = Tool.h; sourceTree = "<group>"; };
		67AA18B91B06E6B000224975 /* Trackable.h */ = {isa = PBXFileReference; fileEncoding = 4; lastKnownFileType = sourcecode.c.h; path = Trackable.h; sourceTree = "<group>"; };
		67AA18BA1B06E6B000224975 /* TrackableResult.h */ = {isa = PBXFileReference; fileEncoding = 4; lastKnownFileType = sourcecode.c.h; path = TrackableResult.h; sourceTree = "<group>"; };
		67AA18BB1B06E6B000224975 /* TrackableSource.h */ = {isa = PBXFileReference; fileEncoding = 4; lastKnownFileType = sourcecode.c.h; path = TrackableSource.h; sourceTree = "<group>"; };
		67AA18BC1B06E6B000224975 /* Tracker.h */ = {isa = PBXFileReference; fileEncoding = 4; lastKnownFileType = sourcecode.c.h; path = Tracker.h; sourceTree = "<group>"; };
		67AA18BD1B06E6B000224975 /* TrackerManager.h */ = {isa = PBXFileReference; fileEncoding = 4; lastKnownFileType = sourcecode.c.h; path = TrackerManager.h; sourceTree = "<group>"; };
		67AA18BE1B06E6B000224975 /* Type.h */ = {isa = PBXFileReference; fileEncoding = 4; lastKnownFileType = sourcecode.c.h; path = Type.h; sourceTree = "<group>"; };
		67AA18BF1B06E6B000224975 /* UIGLViewProtocol.h */ = {isa = PBXFileReference; fileEncoding = 4; lastKnownFileType = sourcecode.c.h; path = UIGLViewProtocol.h; sourceTree = "<group>"; };
		67AA18C01B06E6B000224975 /* UpdateCallback.h */ = {isa = PBXFileReference; fileEncoding = 4; lastKnownFileType = sourcecode.c.h; path = UpdateCallback.h; sourceTree = "<group>"; };
		67AA18C11B06E6B000224975 /* Vectors.h */ = {isa = PBXFileReference; fileEncoding = 4; lastKnownFileType = sourcecode.c.h; path = Vectors.h; sourceTree = "<group>"; };
		67AA18C21B06E6B000224975 /* VideoBackgroundConfig.h */ = {isa = PBXFileReference; fileEncoding = 4; lastKnownFileType = sourcecode.c.h; path = VideoBackgroundConfig.h; sourceTree = "<group>"; };
		67AA18C31B06E6B000224975 /* VideoBackgroundTextureInfo.h */ = {isa = PBXFileReference; fileEncoding = 4; lastKnownFileType = sourcecode.c.h; path = VideoBackgroundTextureInfo.h; sourceTree = "<group>"; };
		67AA18C41B06E6B000224975 /* VideoMode.h */ = {isa = PBXFileReference; fileEncoding = 4; lastKnownFileType = sourcecode.c.h; path = VideoMode.h; sourceTree = "<group>"; };
		67AA18C51B06E6B000224975 /* VirtualButton.h */ = {isa = PBXFileReference; fileEncoding = 4; lastKnownFileType = sourcecode.c.h; path = VirtualButton.h; sourceTree = "<group>"; };
		67AA18C61B06E6B000224975 /* VirtualButtonResult.h */ = {isa = PBXFileReference; fileEncoding = 4; lastKnownFileType = sourcecode.c.h; path = VirtualButtonResult.h; sourceTree = "<group>"; };
		67AA18C71B06E6B000224975 /* Word.h */ = {isa = PBXFileReference; fileEncoding = 4; lastKnownFileType = sourcecode.c.h; path = Word.h; sourceTree = "<group>"; };
		67AA18C81B06E6B000224975 /* WordList.h */ = {isa = PBXFileReference; fileEncoding = 4; lastKnownFileType = sourcecode.c.h; path = WordList.h; sourceTree = "<group>"; };
		67AA18C91B06E6B000224975 /* WordResult.h */ = {isa = PBXFileReference; fileEncoding = 4; lastKnownFileType = sourcecode.c.h; path = WordResult.h; sourceTree = "<group>"; };
		67AA18CC1B06E6B000224975 /* libVuforia.a */ = {isa = PBXFileReference; lastKnownFileType = archive.ar; path = libVuforia.a; sourceTree = "<group>"; };
		67AA18CE1B06E6B000224975 /* ofxQCAR.h */ = {isa = PBXFileReference; fileEncoding = 4; lastKnownFileType = sourcecode.c.h; path = ofxQCAR.h; sourceTree = "<group>"; };
		67AA18CF1B06E6B000224975 /* ofxQCAR.mm */ = {isa = PBXFileReference; fileEncoding = 4; lastKnownFileType = sourcecode.cpp.objcpp; path = ofxQCAR.mm; sourceTree = "<group>"; };
		67AA18D01B06E6B000224975 /* ofxQCAR_App.h */ = {isa = PBXFileReference; fileEncoding = 4; lastKnownFileType = sourcecode.c.h; path = ofxQCAR_App.h; sourceTree = "<group>"; };
		67AA18D11B06E6B000224975 /* ofxQCAR_EAGLView.h */ = {isa = PBXFileReference; fileEncoding = 4; lastKnownFileType = sourcecode.c.h; path = ofxQCAR_EAGLView.h; sourceTree = "<group>"; };
		67AA18D21B06E6B000224975 /* ofxQCAR_EAGLView.mm */ = {isa = PBXFileReference; fileEncoding = 4; lastKnownFileType = sourcecode.cpp.objcpp; path = ofxQCAR_EAGLView.mm; sourceTree = "<group>"; };
		67AA18D51B06E6B000224975 /* ofxQCAR_ViewController.h */ = {isa = PBXFileReference; fileEncoding = 4; lastKnownFileType = sourcecode.c.h; path = ofxQCAR_ViewController.h; sourceTree = "<group>"; };
		67AA18D61B06E6B000224975 /* ofxQCAR_ViewController.mm */ = {isa = PBXFileReference; fileEncoding = 4; lastKnownFileType = sourcecode.cpp.objcpp; path = ofxQCAR_ViewController.mm; sourceTree = "<group>"; };
		67D3CC521B08B8F600897F9F /* qcar_assets */ = {isa = PBXFileReference; lastKnownFileType = folder; name = qcar_assets; path = bin/data/qcar_assets; sourceTree = "<group>"; };
		67DFA53419F92A5E003B3434 /* Accelerate.framework */ = {isa = PBXFileReference; lastKnownFileType = wrapper.framework; name = Accelerate.framework; path = System/Library/Frameworks/Accelerate.framework; sourceTree = SDKROOT; };
		BB16EBD10F2B2A9500518274 /* OpenGLES.framework */ = {isa = PBXFileReference; lastKnownFileType = wrapper.framework; name = OpenGLES.framework; path = System/Library/Frameworks/OpenGLES.framework; sourceTree = SDKROOT; };
		BB16EBD80F2B2AB500518274 /* QuartzCore.framework */ = {isa = PBXFileReference; lastKnownFileType = wrapper.framework; name = QuartzCore.framework; path = System/Library/Frameworks/QuartzCore.framework; sourceTree = SDKROOT; };
		BB24DDC910DA781C00E9C588 /* ofxQCAR-Info.plist */ = {isa = PBXFileReference; fileEncoding = 4; lastKnownFileType = text.plist.xml; path = "ofxQCAR-Info.plist"; sourceTree = "<group>"; };
		BBE5EAB70F49AD8400F28951 /* AudioToolbox.framework */ = {isa = PBXFileReference; lastKnownFileType = wrapper.framework; name = AudioToolbox.framework; path = System/Library/Frameworks/AudioToolbox.framework; sourceTree = SDKROOT; };
		E41D3ED613B38FB500A75A5D /* ofxQCAR-Project.xcconfig */ = {isa = PBXFileReference; fileEncoding = 4; lastKnownFileType = text.xcconfig; path = "ofxQCAR-Project.xcconfig"; sourceTree = "<group>"; };
		E41D3EE513B3906D00A75A5D /* CoreOF.xcconfig */ = {isa = PBXFileReference; fileEncoding = 4; lastKnownFileType = text.xcconfig; name = CoreOF.xcconfig; path = ../../../libs/openFrameworksCompiled/project/ios/CoreOF.xcconfig; sourceTree = SOURCE_ROOT; };
		E41D400613B39D2100A75A5D /* AVFoundation.framework */ = {isa = PBXFileReference; lastKnownFileType = wrapper.framework; name = AVFoundation.framework; path = System/Library/Frameworks/AVFoundation.framework; sourceTree = SDKROOT; };
		E41D400713B39D2100A75A5D /* CoreMedia.framework */ = {isa = PBXFileReference; lastKnownFileType = wrapper.framework; name = CoreMedia.framework; path = System/Library/Frameworks/CoreMedia.framework; sourceTree = SDKROOT; };
		E41D400813B39D2100A75A5D /* CoreVideo.framework */ = {isa = PBXFileReference; lastKnownFileType = wrapper.framework; name = CoreVideo.framework; path = System/Library/Frameworks/CoreVideo.framework; sourceTree = SDKROOT; };
		E41D400913B39D2100A75A5D /* MapKit.framework */ = {isa = PBXFileReference; lastKnownFileType = wrapper.framework; name = MapKit.framework; path = System/Library/Frameworks/MapKit.framework; sourceTree = SDKROOT; };
		E41D40FD13B3A0D800A75A5D /* iOS+OFLib.xcodeproj */ = {isa = PBXFileReference; lastKnownFileType = "wrapper.pb-project"; name = "iOS+OFLib.xcodeproj"; path = "../../../libs/openFrameworksCompiled/project/ios/iOS+OFLib.xcodeproj"; sourceTree = SOURCE_ROOT; };
		E4A823A312561BE3002F86A2 /* CoreGraphics.framework */ = {isa = PBXFileReference; lastKnownFileType = wrapper.framework; name = CoreGraphics.framework; path = System/Library/Frameworks/CoreGraphics.framework; sourceTree = SDKROOT; };
		E4D8936B11527B74007E1F53 /* main.mm */ = {isa = PBXFileReference; fileEncoding = 4; lastKnownFileType = sourcecode.cpp.objcpp; name = main.mm; path = src/main.mm; sourceTree = SOURCE_ROOT; };
		E4D8936C11527B74007E1F53 /* ofApp.h */ = {isa = PBXFileReference; fileEncoding = 4; lastKnownFileType = sourcecode.c.h; name = ofApp.h; path = src/ofApp.h; sourceTree = SOURCE_ROOT; };
		E4D8936D11527B74007E1F53 /* ofApp.mm */ = {isa = PBXFileReference; fileEncoding = 4; lastKnownFileType = sourcecode.cpp.objcpp; name = ofApp.mm; path = src/ofApp.mm; sourceTree = SOURCE_ROOT; };
/* End PBXFileReference section */

/* Begin PBXFrameworksBuildPhase section */
		1D60588F0D05DD3D006BFB54 /* Frameworks */ = {
			isa = PBXFrameworksBuildPhase;
			buildActionMask = 2147483647;
			files = (
				E41D421413B3A95300A75A5D /* libofxiOS_iphoneos_Debug.a in Frameworks */,
				67AA18D71B06E6B000224975 /* libVuforia.a in Frameworks */,
				1D60589F0D05DD5A006BFB54 /* Foundation.framework in Frameworks */,
				1DF5F4E00D08C38300B7A737 /* UIKit.framework in Frameworks */,
				288765FD0DF74451002DB57D /* CoreGraphics.framework in Frameworks */,
				BB16EBD20F2B2A9500518274 /* OpenGLES.framework in Frameworks */,
				BB16EBD90F2B2AB500518274 /* QuartzCore.framework in Frameworks */,
				BBE5EAB80F49AD8400F28951 /* AudioToolbox.framework in Frameworks */,
				53F323EB10A20EDB00E0DAE4 /* OpenAL.framework in Frameworks */,
				5326AEA810A23A0500278DE6 /* CoreLocation.framework in Frameworks */,
				E41D400B13B39D2100A75A5D /* AVFoundation.framework in Frameworks */,
				E41D400C13B39D2100A75A5D /* CoreMedia.framework in Frameworks */,
				E41D400D13B39D2100A75A5D /* CoreVideo.framework in Frameworks */,
				E41D400E13B39D2100A75A5D /* MapKit.framework in Frameworks */,
				67DFA53619F92A69003B3434 /* Accelerate.framework in Frameworks */,
				670547451B0780D1006E1EB8 /* CoreMotion.framework in Frameworks */,
				670547461B0780D1006E1EB8 /* SystemConfiguration.framework in Frameworks */,
				670547471B0780D1006E1EB8 /* Security.framework in Frameworks */,
			);
			runOnlyForDeploymentPostprocessing = 0;
		};
/* End PBXFrameworksBuildPhase section */

/* Begin PBXGroup section */
		19C28FACFE9D520D11CA2CBB /* Products */ = {
			isa = PBXGroup;
			children = (
				1D6058910D05DD3D006BFB54 /* ofxQCAR.app */,
			);
			name = Products;
			sourceTree = "<group>";
		};
		29B97314FDCFA39411CA2CEA /* CustomTemplate */ = {
			isa = PBXGroup;
			children = (
				32CA4F630368D1EE00C91783 /* ofxQCAR-Prefix.pch */,
				BB24DDC910DA781C00E9C588 /* ofxQCAR-Info.plist */,
				E41D3ED613B38FB500A75A5D /* ofxQCAR-Project.xcconfig */,
				E4D8936A11527B74007E1F53 /* src */,
				67D3CC521B08B8F600897F9F /* qcar_assets */,
				BB24E1F710DAA51900E9C588 /* openFrameworks */,
				BB16F26B0F2B646B00518274 /* addons */,
				BB16E9930F2B1E5900518274 /* libs */,
				19C28FACFE9D520D11CA2CBB /* Products */,
			);
			name = CustomTemplate;
			sourceTree = "<group>";
		};
		29B97323FDCFA39411CA2CEA /* core frameworks */ = {
			isa = PBXGroup;
			children = (
				E41D400613B39D2100A75A5D /* AVFoundation.framework */,
				E41D400713B39D2100A75A5D /* CoreMedia.framework */,
				E41D400813B39D2100A75A5D /* CoreVideo.framework */,
				E41D400913B39D2100A75A5D /* MapKit.framework */,
				53F323EA10A20EDB00E0DAE4 /* OpenAL.framework */,
				E4A823A312561BE3002F86A2 /* CoreGraphics.framework */,
				BBE5EAB70F49AD8400F28951 /* AudioToolbox.framework */,
				BB16EBD80F2B2AB500518274 /* QuartzCore.framework */,
				BB16EBD10F2B2A9500518274 /* OpenGLES.framework */,
				1DF5F4DF0D08C38300B7A737 /* UIKit.framework */,
				1D30AB110D05D00D00671497 /* Foundation.framework */,
				288765FC0DF74451002DB57D /* CoreGraphics.framework */,
				5326AEA710A23A0500278DE6 /* CoreLocation.framework */,
				67DFA53419F92A5E003B3434 /* Accelerate.framework */,
				670547431B0780B9006E1EB8 /* CoreMotion.framework */,
				670547411B0780AF006E1EB8 /* SystemConfiguration.framework */,
				6705473F1B0780A2006E1EB8 /* Security.framework */,
			);
			name = "core frameworks";
			sourceTree = "<group>";
		};
		6748E0BF1B06E64200CEE749 /* 3d */ = {
			isa = PBXGroup;
			children = (
				6748E0C01B06E64200CEE749 /* Teapot.h */,
			);
			path = 3d;
			sourceTree = "<group>";
		};
		6748E0C11B06E64200CEE749 /* UI */ = {
			isa = PBXGroup;
			children = (
				6748E0C21B06E64200CEE749 /* MyAppDelegate.h */,
				6748E0C31B06E64200CEE749 /* MyAppDelegate.mm */,
				6748E0C41B06E64200CEE749 /* MyAppViewController.h */,
				6748E0C51B06E64200CEE749 /* MyAppViewController.mm */,
				6748E0C61B06E64200CEE749 /* MyAppViewController.xib */,
			);
			path = UI;
			sourceTree = "<group>";
		};
		67AA18881B06E69400224975 /* ofxQCAR */ = {
			isa = PBXGroup;
			children = (
				67AA18891B06E6AF00224975 /* libs */,
				67AA18CD1B06E6B000224975 /* src */,
			);
			name = ofxQCAR;
			path = ../../../addons/ofxQCAR;
			sourceTree = "<group>";
		};
		67AA18891B06E6AF00224975 /* libs */ = {
			isa = PBXGroup;
			children = (
				67AA188A1B06E6AF00224975 /* qcar */,
			);
			path = libs;
			sourceTree = "<group>";
		};
		67AA188A1B06E6AF00224975 /* qcar */ = {
			isa = PBXGroup;
			children = (
				67AA188B1B06E6AF00224975 /* include */,
				67AA18CA1B06E6B000224975 /* lib */,
			);
			path = qcar;
			sourceTree = "<group>";
		};
		67AA188B1B06E6AF00224975 /* include */ = {
			isa = PBXGroup;
			children = (
				67AA188C1B06E6AF00224975 /* QCAR */,
			);
			path = include;
			sourceTree = "<group>";
		};
		67AA188C1B06E6AF00224975 /* QCAR */ = {
			isa = PBXGroup;
			children = (
				67AA188D1B06E6AF00224975 /* Area.h */,
				67AA188E1B06E6AF00224975 /* Box3D.h */,
				67AA188F1B06E6AF00224975 /* CameraCalibration.h */,
				67AA18901B06E6AF00224975 /* CameraDevice.h */,
				67AA18911B06E6AF00224975 /* CylinderTarget.h */,
				67AA18921B06E6AF00224975 /* CylinderTargetResult.h */,
				67AA18931B06E6AF00224975 /* DataSet.h */,
				67AA18941B06E6AF00224975 /* Frame.h */,
				67AA18951B06E6AF00224975 /* Image.h */,
				67AA18961B06E6AF00224975 /* ImageTarget.h */,
				67AA18971B06E6AF00224975 /* ImageTargetBuilder.h */,
				67AA18981B06E6AF00224975 /* ImageTargetResult.h */,
				67AA18991B06E6AF00224975 /* Marker.h */,
				67AA189A1B06E6AF00224975 /* MarkerResult.h */,
				67AA189B1B06E6AF00224975 /* MarkerTracker.h */,
				67AA189C1B06E6AF00224975 /* Matrices.h */,
				67AA189D1B06E6AF00224975 /* Mesh.h */,
				67AA189E1B06E6AF00224975 /* MultiTarget.h */,
				67AA189F1B06E6AF00224975 /* MultiTargetResult.h */,
				67AA18A01B06E6AF00224975 /* NonCopyable.h */,
				67AA18A11B06E6AF00224975 /* Obb2D.h */,
				67AA18A21B06E6AF00224975 /* Obb3D.h */,
				67AA18A31B06E6AF00224975 /* ObjectTarget.h */,
				67AA18A41B06E6AF00224975 /* ObjectTargetResult.h */,
				67AA18A51B06E6AF00224975 /* ObjectTracker.h */,
				67AA18A61B06E6AF00224975 /* Prop.h */,
				67AA18A71B06E6AF00224975 /* PropResult.h */,
				67AA18A81B06E6AF00224975 /* QCAR.h */,
				67AA18A91B06E6AF00224975 /* QCAR_iOS.h */,
				67AA18AA1B06E6AF00224975 /* Reconstruction.h */,
				67AA18AB1B06E6AF00224975 /* ReconstructionFromTarget.h */,
				67AA18AC1B06E6AF00224975 /* Rectangle.h */,
				67AA18AD1B06E6AF00224975 /* Renderer.h */,
				67AA18AE1B06E6AF00224975 /* SmartTerrainBuilder.h */,
				67AA18AF1B06E6AF00224975 /* SmartTerrainTrackable.h */,
				67AA18B01B06E6AF00224975 /* SmartTerrainTracker.h */,
				67AA18B11B06E6AF00224975 /* State.h */,
				67AA18B21B06E6AF00224975 /* Surface.h */,
				67AA18B31B06E6AF00224975 /* SurfaceResult.h */,
				67AA18B41B06E6AF00224975 /* System.h */,
				67AA18B51B06E6AF00224975 /* TargetFinder.h */,
				67AA18B61B06E6B000224975 /* TargetSearchResult.h */,
				67AA18B71B06E6B000224975 /* TextTracker.h */,
				67AA18B81B06E6B000224975 /* Tool.h */,
				67AA18B91B06E6B000224975 /* Trackable.h */,
				67AA18BA1B06E6B000224975 /* TrackableResult.h */,
				67AA18BB1B06E6B000224975 /* TrackableSource.h */,
				67AA18BC1B06E6B000224975 /* Tracker.h */,
				67AA18BD1B06E6B000224975 /* TrackerManager.h */,
				67AA18BE1B06E6B000224975 /* Type.h */,
				67AA18BF1B06E6B000224975 /* UIGLViewProtocol.h */,
				67AA18C01B06E6B000224975 /* UpdateCallback.h */,
				67AA18C11B06E6B000224975 /* Vectors.h */,
				67AA18C21B06E6B000224975 /* VideoBackgroundConfig.h */,
				67AA18C31B06E6B000224975 /* VideoBackgroundTextureInfo.h */,
				67AA18C41B06E6B000224975 /* VideoMode.h */,
				67AA18C51B06E6B000224975 /* VirtualButton.h */,
				67AA18C61B06E6B000224975 /* VirtualButtonResult.h */,
				67AA18C71B06E6B000224975 /* Word.h */,
				67AA18C81B06E6B000224975 /* WordList.h */,
				67AA18C91B06E6B000224975 /* WordResult.h */,
			);
			path = QCAR;
			sourceTree = "<group>";
		};
		67AA18CA1B06E6B000224975 /* lib */ = {
			isa = PBXGroup;
			children = (
				67AA18CB1B06E6B000224975 /* arm */,
			);
			path = lib;
			sourceTree = "<group>";
		};
		67AA18CB1B06E6B000224975 /* arm */ = {
			isa = PBXGroup;
			children = (
				67AA18CC1B06E6B000224975 /* libVuforia.a */,
			);
			path = arm;
			sourceTree = "<group>";
		};
		67AA18CD1B06E6B000224975 /* src */ = {
			isa = PBXGroup;
			children = (
				67AA18CE1B06E6B000224975 /* ofxQCAR.h */,
				67AA18CF1B06E6B000224975 /* ofxQCAR.mm */,
				67AA18D01B06E6B000224975 /* ofxQCAR_App.h */,
				67AA18D11B06E6B000224975 /* ofxQCAR_EAGLView.h */,
				67AA18D21B06E6B000224975 /* ofxQCAR_EAGLView.mm */,
				6705473C1B077871006E1EB8 /* ofxVuforiaSession.h */,
				6705473D1B077871006E1EB8 /* ofxVuforiaSession.mm */,
				67AA18D51B06E6B000224975 /* ofxQCAR_ViewController.h */,
				67AA18D61B06E6B000224975 /* ofxQCAR_ViewController.mm */,
			);
			path = src;
			sourceTree = "<group>";
		};
		BB16E9930F2B1E5900518274 /* libs */ = {
			isa = PBXGroup;
			children = (
				BBE5E94E0F497BD800F28951 /* core */,
			);
			name = libs;
			sourceTree = "<group>";
		};
		BB16F26B0F2B646B00518274 /* addons */ = {
			isa = PBXGroup;
			children = (
				67AA18881B06E69400224975 /* ofxQCAR */,
			);
			name = addons;
			sourceTree = "<group>";
		};
		BB24E1F710DAA51900E9C588 /* openFrameworks */ = {
			isa = PBXGroup;
			children = (
				E41D40FD13B3A0D800A75A5D /* iOS+OFLib.xcodeproj */,
				E41D3EE513B3906D00A75A5D /* CoreOF.xcconfig */,
			);
			name = openFrameworks;
			sourceTree = "<group>";
		};
		BBE5E94E0F497BD800F28951 /* core */ = {
			isa = PBXGroup;
			children = (
				29B97323FDCFA39411CA2CEA /* core frameworks */,
			);
			name = core;
			sourceTree = "<group>";
		};
		E41D40FE13B3A0D800A75A5D /* Products */ = {
			isa = PBXGroup;
			children = (
				E41D410213B3A0D800A75A5D /* libofxiOS_iphoneos_Debug.a */,
			);
			name = Products;
			sourceTree = "<group>";
		};
		E4D8936A11527B74007E1F53 /* src */ = {
			isa = PBXGroup;
			children = (
				E4D8936B11527B74007E1F53 /* main.mm */,
				E4D8936C11527B74007E1F53 /* ofApp.h */,
				E4D8936D11527B74007E1F53 /* ofApp.mm */,
				6748E0C11B06E64200CEE749 /* UI */,
				6748E0BF1B06E64200CEE749 /* 3d */,
			);
			path = src;
			sourceTree = SOURCE_ROOT;
		};
/* End PBXGroup section */

/* Begin PBXNativeTarget section */
		1D6058900D05DD3D006BFB54 /* ofxQCAR */ = {
			isa = PBXNativeTarget;
			buildConfigurationList = 1D6058960D05DD3E006BFB54 /* Build configuration list for PBXNativeTarget "ofxQCAR" */;
			buildPhases = (
				1D60588D0D05DD3D006BFB54 /* Resources */,
				1D60588E0D05DD3D006BFB54 /* Sources */,
				1D60588F0D05DD3D006BFB54 /* Frameworks */,
				9255DD331112741900D6945E /* ShellScript */,
			);
			buildRules = (
			);
			dependencies = (
				E41D410413B3A11300A75A5D /* PBXTargetDependency */,
			);
			name = ofxQCAR;
			productName = iPhone;
			productReference = 1D6058910D05DD3D006BFB54 /* ofxQCAR.app */;
			productType = "com.apple.product-type.application";
		};
/* End PBXNativeTarget section */

/* Begin PBXProject section */
		29B97313FDCFA39411CA2CEA /* Project object */ = {
			isa = PBXProject;
			attributes = {
				LastUpgradeCheck = 0630;
				TargetAttributes = {
					1D6058900D05DD3D006BFB54 = {
						DevelopmentTeam = 5S8Z4RK9BJ;
					};
				};
			};
			buildConfigurationList = C01FCF4E08A954540054247B /* Build configuration list for PBXProject "ofxQCAR" */;
			compatibilityVersion = "Xcode 3.2";
			developmentRegion = English;
			hasScannedForEncodings = 1;
			knownRegions = (
				English,
				Japanese,
				French,
				German,
			);
			mainGroup = 29B97314FDCFA39411CA2CEA /* CustomTemplate */;
			projectDirPath = "";
			projectReferences = (
				{
					ProductGroup = E41D40FE13B3A0D800A75A5D /* Products */;
					ProjectRef = E41D40FD13B3A0D800A75A5D /* iOS+OFLib.xcodeproj */;
				},
			);
			projectRoot = "";
			targets = (
				1D6058900D05DD3D006BFB54 /* ofxQCAR */,
			);
		};
/* End PBXProject section */

/* Begin PBXReferenceProxy section */
		E41D410213B3A0D800A75A5D /* libofxiOS_iphoneos_Debug.a */ = {
			isa = PBXReferenceProxy;
			fileType = archive.ar;
			path = libofxiOS_iphoneos_Debug.a;
			remoteRef = E41D410113B3A0D800A75A5D /* PBXContainerItemProxy */;
			sourceTree = BUILT_PRODUCTS_DIR;
		};
/* End PBXReferenceProxy section */

/* Begin PBXResourcesBuildPhase section */
		1D60588D0D05DD3D006BFB54 /* Resources */ = {
			isa = PBXResourcesBuildPhase;
			buildActionMask = 2147483647;
			files = (
				67D3CC531B08B8F600897F9F /* qcar_assets in Resources */,
				6748E0C91B06E64200CEE749 /* MyAppViewController.xib in Resources */,
			);
			runOnlyForDeploymentPostprocessing = 0;
		};
/* End PBXResourcesBuildPhase section */

/* Begin PBXShellScriptBuildPhase section */
		9255DD331112741900D6945E /* ShellScript */ = {
			isa = PBXShellScriptBuildPhase;
			buildActionMask = 2147483647;
			files = (
			);
			inputPaths = (
			);
			outputPaths = (
			);
			runOnlyForDeploymentPostprocessing = 0;
			shellPath = /bin/sh;
			shellScript = "rsync -avz --exclude='.DS_Store' \"${SRCROOT}/bin/data/\" \"${TARGET_BUILD_DIR}/${UNLOCALIZED_RESOURCES_FOLDER_PATH}\"\n\n\n\n\n\n\n\n";
		};
/* End PBXShellScriptBuildPhase section */

/* Begin PBXSourcesBuildPhase section */
		1D60588E0D05DD3D006BFB54 /* Sources */ = {
			isa = PBXSourcesBuildPhase;
			buildActionMask = 2147483647;
			files = (
				6748E0C81B06E64200CEE749 /* MyAppViewController.mm in Sources */,
				E4D8936E11527B74007E1F53 /* main.mm in Sources */,
				E4D8936F11527B74007E1F53 /* ofApp.mm in Sources */,
				67AA18DB1B06E6B000224975 /* ofxQCAR_ViewController.mm in Sources */,
				67AA18D81B06E6B000224975 /* ofxQCAR.mm in Sources */,
				6705473E1B077871006E1EB8 /* ofxVuforiaSession.mm in Sources */,
				67AA18D91B06E6B000224975 /* ofxQCAR_EAGLView.mm in Sources */,
				6748E0C71B06E64200CEE749 /* MyAppDelegate.mm in Sources */,
			);
			runOnlyForDeploymentPostprocessing = 0;
		};
/* End PBXSourcesBuildPhase section */

/* Begin PBXTargetDependency section */
		E41D410413B3A11300A75A5D /* PBXTargetDependency */ = {
			isa = PBXTargetDependency;
			name = "iPhone+OF Static Library";
			targetProxy = E41D410313B3A11300A75A5D /* PBXContainerItemProxy */;
		};
/* End PBXTargetDependency section */

/* Begin XCBuildConfiguration section */
		1D6058940D05DD3E006BFB54 /* Debug */ = {
			isa = XCBuildConfiguration;
			baseConfigurationReference = E41D3ED613B38FB500A75A5D /* ofxQCAR-Project.xcconfig */;
			buildSettings = {
				ALWAYS_SEARCH_USER_PATHS = NO;
				CODE_SIGN_IDENTITY = "iPhone Developer";
				"CODE_SIGN_IDENTITY[sdk=iphoneos*]" = "iPhone Developer";
				ENABLE_BITCODE = NO;
				GCC_PRECOMPILE_PREFIX_HEADER = YES;
				GCC_PREFIX_HEADER = "ofxQCAR-Prefix.pch";
				HEADER_SEARCH_PATHS = (
					"$(OF_CORE_HEADERS)",
					../../../addons/ofxQCAR/libs/qcar/include,
				);
				INFOPLIST_FILE = "ofxQCAR-Info.plist";
				IPHONEOS_DEPLOYMENT_TARGET = 7.1;
				LIBRARY_SEARCH_PATHS = (
					"$(inherited)",
					../../../addons/ofxQCAR/libs/qcar/lib/arm,
				);
				ONLY_ACTIVE_ARCH = YES;
				PRODUCT_NAME = "${TARGET_NAME}";
				PROVISIONING_PROFILE = "";
				VALID_ARCHS = "$(ARCHS_STANDARD)";
			};
			name = Debug;
		};
		1D6058950D05DD3E006BFB54 /* Release */ = {
			isa = XCBuildConfiguration;
			baseConfigurationReference = E41D3ED613B38FB500A75A5D /* ofxQCAR-Project.xcconfig */;
			buildSettings = {
				CODE_SIGN_IDENTITY = "iPhone Developer";
				"CODE_SIGN_IDENTITY[sdk=iphoneos*]" = "iPhone Developer";
				ENABLE_BITCODE = NO;
				GCC_PRECOMPILE_PREFIX_HEADER = YES;
				GCC_PREFIX_HEADER = "ofxQCAR-Prefix.pch";
				HEADER_SEARCH_PATHS = (
					"$(OF_CORE_HEADERS)",
					../../../addons/ofxQCAR/libs/qcar/include,
				);
				INFOPLIST_FILE = "ofxQCAR-Info.plist";
				IPHONEOS_DEPLOYMENT_TARGET = 7.1;
				LIBRARY_SEARCH_PATHS = (
					"$(inherited)",
					../../../addons/ofxQCAR/libs/qcar/lib/arm,
				);
				ONLY_ACTIVE_ARCH = NO;
				PRODUCT_NAME = "${TARGET_NAME}";
				PROVISIONING_PROFILE = "";
				VALID_ARCHS = "$(ARCHS_STANDARD)";
			};
			name = Release;
		};
		C01FCF4F08A954540054247B /* Debug */ = {
			isa = XCBuildConfiguration;
			baseConfigurationReference = E41D3ED613B38FB500A75A5D /* ofxQCAR-Project.xcconfig */;
			buildSettings = {
				ALWAYS_SEARCH_USER_PATHS = YES;
				CLANG_CXX_LIBRARY = "libc++";
				CODE_SIGN_IDENTITY = "";
				"CODE_SIGN_IDENTITY[sdk=iphoneos*]" = "iPhone Developer";
				COMPRESS_PNG_FILES = NO;
				GCC_C_LANGUAGE_STANDARD = c11;
				GCC_OPTIMIZATION_LEVEL = 0;
				GCC_SYMBOLS_PRIVATE_EXTERN = NO;
				GCC_WARN_ABOUT_INVALID_OFFSETOF_MACRO = NO;
				GCC_WARN_ABOUT_POINTER_SIGNEDNESS = NO;
				GCC_WARN_ABOUT_RETURN_TYPE = YES;
				GCC_WARN_ALLOW_INCOMPLETE_PROTOCOL = NO;
				GCC_WARN_PROTOTYPE_CONVERSION = NO;
				GCC_WARN_UNUSED_VARIABLE = YES;
				IPHONEOS_DEPLOYMENT_TARGET = 5.1.1;
				ONLY_ACTIVE_ARCH = YES;
				"PROVISIONING_PROFILE[sdk=iphoneos*]" = "";
				SDKROOT = iphoneos;
				TARGETED_DEVICE_FAMILY = 1;
				VALID_ARCHS = "$(ARCHS_STANDARD)";
				WARNING_LDFLAGS = "-no_arch_warnings";
			};
			name = Debug;
		};
		C01FCF5008A954540054247B /* Release */ = {
			isa = XCBuildConfiguration;
			baseConfigurationReference = E41D3ED613B38FB500A75A5D /* ofxQCAR-Project.xcconfig */;
			buildSettings = {
				ALWAYS_SEARCH_USER_PATHS = YES;
				CLANG_CXX_LIBRARY = "libc++";
				CODE_SIGN_IDENTITY = "";
				"CODE_SIGN_IDENTITY[sdk=iphoneos*]" = "iPhone Developer";
				COMPRESS_PNG_FILES = NO;
				GCC_C_LANGUAGE_STANDARD = c11;
				GCC_DYNAMIC_NO_PIC = NO;
				GCC_GENERATE_DEBUGGING_SYMBOLS = NO;
				GCC_OPTIMIZATION_LEVEL = 3;
				GCC_SYMBOLS_PRIVATE_EXTERN = NO;
				GCC_THUMB_SUPPORT = NO;
				GCC_WARN_ABOUT_RETURN_TYPE = YES;
				GCC_WARN_UNUSED_VARIABLE = YES;
				IPHONEOS_DEPLOYMENT_TARGET = 5.1.1;
				ONLY_ACTIVE_ARCH = NO;
				SDKROOT = iphoneos;
				TARGETED_DEVICE_FAMILY = 1;
				VALID_ARCHS = "$(ARCHS_STANDARD)";
				WARNING_LDFLAGS = "-no_arch_warnings";
			};
			name = Release;
		};
/* End XCBuildConfiguration section */

/* Begin XCConfigurationList section */
		1D6058960D05DD3E006BFB54 /* Build configuration list for PBXNativeTarget "ofxQCAR" */ = {
			isa = XCConfigurationList;
			buildConfigurations = (
				1D6058940D05DD3E006BFB54 /* Debug */,
				1D6058950D05DD3E006BFB54 /* Release */,
			);
			defaultConfigurationIsVisible = 0;
			defaultConfigurationName = Release;
		};
		C01FCF4E08A954540054247B /* Build configuration list for PBXProject "ofxQCAR" */ = {
			isa = XCConfigurationList;
			buildConfigurations = (
				C01FCF4F08A954540054247B /* Debug */,
				C01FCF5008A954540054247B /* Release */,
			);
			defaultConfigurationIsVisible = 0;
			defaultConfigurationName = Release;
		};
/* End XCConfigurationList section */
	};
	rootObject = 29B97313FDCFA39411CA2CEA /* Project object */;
}
